// !$*UTF8*$!
{
	archiveVersion = 1;
	classes = {
	};
	objectVersion = 50;
	objects = {

/* Begin PBXBuildFile section */
		EF71D250208C7B3A006DD04C /* AppDelegate.m in Sources */ = {isa = PBXBuildFile; fileRef = EF71D24F208C7B3A006DD04C /* AppDelegate.m */; };
		EF71D253208C7B3A006DD04C /* ViewController.m in Sources */ = {isa = PBXBuildFile; fileRef = EF71D252208C7B3A006DD04C /* ViewController.m */; };
		EF71D256208C7B3A006DD04C /* Main.storyboard in Resources */ = {isa = PBXBuildFile; fileRef = EF71D254208C7B3A006DD04C /* Main.storyboard */; };
		EF71D258208C7B3D006DD04C /* Assets.xcassets in Resources */ = {isa = PBXBuildFile; fileRef = EF71D257208C7B3D006DD04C /* Assets.xcassets */; };
		EF71D25B208C7B3D006DD04C /* LaunchScreen.storyboard in Resources */ = {isa = PBXBuildFile; fileRef = EF71D259208C7B3D006DD04C /* LaunchScreen.storyboard */; };
		EF71D25E208C7B3D006DD04C /* main.m in Sources */ = {isa = PBXBuildFile; fileRef = EF71D25D208C7B3D006DD04C /* main.m */; };
		EF71D267208C7B81006DD04C /* LineCalculator.m in Sources */ = {isa = PBXBuildFile; fileRef = EF71D266208C7B81006DD04C /* LineCalculator.m */; };
		EF71D26A208C7C57006DD04C /* ExpressionSequence.m in Sources */ = {isa = PBXBuildFile; fileRef = EF71D269208C7C57006DD04C /* ExpressionSequence.m */; };
		EF71D26D208C7C66006DD04C /* Expression.m in Sources */ = {isa = PBXBuildFile; fileRef = EF71D26C208C7C66006DD04C /* Expression.m */; };
/* End PBXBuildFile section */

/* Begin PBXFileReference section */
		EF71D24B208C7B3A006DD04C /* Line-Calculator.app */ = {isa = PBXFileReference; explicitFileType = wrapper.application; includeInIndex = 0; path = "Line-Calculator.app"; sourceTree = BUILT_PRODUCTS_DIR; };
		EF71D24E208C7B3A006DD04C /* AppDelegate.h */ = {isa = PBXFileReference; lastKnownFileType = sourcecode.c.h; path = AppDelegate.h; sourceTree = "<group>"; };
		EF71D24F208C7B3A006DD04C /* AppDelegate.m */ = {isa = PBXFileReference; lastKnownFileType = sourcecode.c.objc; path = AppDelegate.m; sourceTree = "<group>"; };
		EF71D251208C7B3A006DD04C /* ViewController.h */ = {isa = PBXFileReference; lastKnownFileType = sourcecode.c.h; path = ViewController.h; sourceTree = "<group>"; };
		EF71D252208C7B3A006DD04C /* ViewController.m */ = {isa = PBXFileReference; lastKnownFileType = sourcecode.c.objc; path = ViewController.m; sourceTree = "<group>"; };
		EF71D255208C7B3A006DD04C /* Base */ = {isa = PBXFileReference; lastKnownFileType = file.storyboard; name = Base; path = Base.lproj/Main.storyboard; sourceTree = "<group>"; };
		EF71D257208C7B3D006DD04C /* Assets.xcassets */ = {isa = PBXFileReference; lastKnownFileType = folder.assetcatalog; path = Assets.xcassets; sourceTree = "<group>"; };
		EF71D25A208C7B3D006DD04C /* Base */ = {isa = PBXFileReference; lastKnownFileType = file.storyboard; name = Base; path = Base.lproj/LaunchScreen.storyboard; sourceTree = "<group>"; };
		EF71D25C208C7B3D006DD04C /* Info.plist */ = {isa = PBXFileReference; lastKnownFileType = text.plist.xml; path = Info.plist; sourceTree = "<group>"; };
		EF71D25D208C7B3D006DD04C /* main.m */ = {isa = PBXFileReference; lastKnownFileType = sourcecode.c.objc; path = main.m; sourceTree = "<group>"; };
		EF71D265208C7B81006DD04C /* LineCalculator.h */ = {isa = PBXFileReference; lastKnownFileType = sourcecode.c.h; path = LineCalculator.h; sourceTree = "<group>"; };
		EF71D266208C7B81006DD04C /* LineCalculator.m */ = {isa = PBXFileReference; lastKnownFileType = sourcecode.c.objc; path = LineCalculator.m; sourceTree = "<group>"; };
		EF71D268208C7C57006DD04C /* ExpressionSequence.h */ = {isa = PBXFileReference; lastKnownFileType = sourcecode.c.h; path = ExpressionSequence.h; sourceTree = "<group>"; };
		EF71D269208C7C57006DD04C /* ExpressionSequence.m */ = {isa = PBXFileReference; lastKnownFileType = sourcecode.c.objc; path = ExpressionSequence.m; sourceTree = "<group>"; };
		EF71D26B208C7C66006DD04C /* Expression.h */ = {isa = PBXFileReference; lastKnownFileType = sourcecode.c.h; path = Expression.h; sourceTree = "<group>"; };
		EF71D26C208C7C66006DD04C /* Expression.m */ = {isa = PBXFileReference; lastKnownFileType = sourcecode.c.objc; path = Expression.m; sourceTree = "<group>"; };
/* End PBXFileReference section */

/* Begin PBXFrameworksBuildPhase section */
		EF71D248208C7B3A006DD04C /* Frameworks */ = {
			isa = PBXFrameworksBuildPhase;
			buildActionMask = 2147483647;
			files = (
			);
			runOnlyForDeploymentPostprocessing = 0;
		};
/* End PBXFrameworksBuildPhase section */

/* Begin PBXGroup section */
		EF71D242208C7B3A006DD04C = {
			isa = PBXGroup;
			children = (
				EF71D24D208C7B3A006DD04C /* Line-Calculator */,
				EF71D24C208C7B3A006DD04C /* Products */,
			);
			sourceTree = "<group>";
		};
		EF71D24C208C7B3A006DD04C /* Products */ = {
			isa = PBXGroup;
			children = (
				EF71D24B208C7B3A006DD04C /* Line-Calculator.app */,
			);
			name = Products;
			sourceTree = "<group>";
		};
		EF71D24D208C7B3A006DD04C /* Line-Calculator */ = {
			isa = PBXGroup;
			children = (
				EF71D264208C7B45006DD04C /* Support Files */,
				EF71D25C208C7B3D006DD04C /* Info.plist */,
				EF71D251208C7B3A006DD04C /* ViewController.h */,
				EF71D252208C7B3A006DD04C /* ViewController.m */,
				EF71D265208C7B81006DD04C /* LineCalculator.h */,
				EF71D266208C7B81006DD04C /* LineCalculator.m */,
				EF71D26B208C7C66006DD04C /* Expression.h */,
				EF71D26C208C7C66006DD04C /* Expression.m */,
				EF71D268208C7C57006DD04C /* ExpressionSequence.h */,
				EF71D269208C7C57006DD04C /* ExpressionSequence.m */,
			);
			path = "Line-Calculator";
			sourceTree = "<group>";
		};
		EF71D264208C7B45006DD04C /* Support Files */ = {
			isa = PBXGroup;
			children = (
				EF71D24E208C7B3A006DD04C /* AppDelegate.h */,
				EF71D24F208C7B3A006DD04C /* AppDelegate.m */,
				EF71D254208C7B3A006DD04C /* Main.storyboard */,
				EF71D257208C7B3D006DD04C /* Assets.xcassets */,
				EF71D259208C7B3D006DD04C /* LaunchScreen.storyboard */,
				EF71D25D208C7B3D006DD04C /* main.m */,
			);
			path = "Support Files";
			sourceTree = "<group>";
		};
/* End PBXGroup section */

/* Begin PBXNativeTarget section */
		EF71D24A208C7B3A006DD04C /* Line-Calculator */ = {
			isa = PBXNativeTarget;
			buildConfigurationList = EF71D261208C7B3D006DD04C /* Build configuration list for PBXNativeTarget "Line-Calculator" */;
			buildPhases = (
				EF71D247208C7B3A006DD04C /* Sources */,
				EF71D248208C7B3A006DD04C /* Frameworks */,
				EF71D249208C7B3A006DD04C /* Resources */,
			);
			buildRules = (
			);
			dependencies = (
			);
			name = "Line-Calculator";
			productName = "Line-Calculator";
			productReference = EF71D24B208C7B3A006DD04C /* Line-Calculator.app */;
			productType = "com.apple.product-type.application";
		};
/* End PBXNativeTarget section */

/* Begin PBXProject section */
		EF71D243208C7B3A006DD04C /* Project object */ = {
			isa = PBXProject;
			attributes = {
				LastUpgradeCheck = 0930;
				ORGANIZATIONNAME = "Victor Semenchuk";
				TargetAttributes = {
					EF71D24A208C7B3A006DD04C = {
						CreatedOnToolsVersion = 9.3;
					};
				};
			};
			buildConfigurationList = EF71D246208C7B3A006DD04C /* Build configuration list for PBXProject "Line-Calculator" */;
			compatibilityVersion = "Xcode 9.3";
			developmentRegion = en;
			hasScannedForEncodings = 0;
			knownRegions = (
				en,
				Base,
			);
			mainGroup = EF71D242208C7B3A006DD04C;
			productRefGroup = EF71D24C208C7B3A006DD04C /* Products */;
			projectDirPath = "";
			projectRoot = "";
			targets = (
				EF71D24A208C7B3A006DD04C /* Line-Calculator */,
			);
		};
/* End PBXProject section */

/* Begin PBXResourcesBuildPhase section */
		EF71D249208C7B3A006DD04C /* Resources */ = {
			isa = PBXResourcesBuildPhase;
			buildActionMask = 2147483647;
			files = (
				EF71D25B208C7B3D006DD04C /* LaunchScreen.storyboard in Resources */,
				EF71D258208C7B3D006DD04C /* Assets.xcassets in Resources */,
				EF71D256208C7B3A006DD04C /* Main.storyboard in Resources */,
			);
			runOnlyForDeploymentPostprocessing = 0;
		};
/* End PBXResourcesBuildPhase section */

/* Begin PBXSourcesBuildPhase section */
		EF71D247208C7B3A006DD04C /* Sources */ = {
			isa = PBXSourcesBuildPhase;
			buildActionMask = 2147483647;
			files = (
				EF71D26A208C7C57006DD04C /* ExpressionSequence.m in Sources */,
				EF71D253208C7B3A006DD04C /* ViewController.m in Sources */,
				EF71D267208C7B81006DD04C /* LineCalculator.m in Sources */,
				EF71D26D208C7C66006DD04C /* Expression.m in Sources */,
				EF71D25E208C7B3D006DD04C /* main.m in Sources */,
				EF71D250208C7B3A006DD04C /* AppDelegate.m in Sources */,
			);
			runOnlyForDeploymentPostprocessing = 0;
		};
/* End PBXSourcesBuildPhase section */

/* Begin PBXVariantGroup section */
		EF71D254208C7B3A006DD04C /* Main.storyboard */ = {
			isa = PBXVariantGroup;
			children = (
				EF71D255208C7B3A006DD04C /* Base */,
			);
			name = Main.storyboard;
			sourceTree = "<group>";
		};
		EF71D259208C7B3D006DD04C /* LaunchScreen.storyboard */ = {
			isa = PBXVariantGroup;
			children = (
				EF71D25A208C7B3D006DD04C /* Base */,
			);
			name = LaunchScreen.storyboard;
			sourceTree = "<group>";
		};
/* End PBXVariantGroup section */

/* Begin XCBuildConfiguration section */
		EF71D25F208C7B3D006DD04C /* Debug */ = {
			isa = XCBuildConfiguration;
			buildSettings = {
				ALWAYS_SEARCH_USER_PATHS = NO;
				CLANG_ANALYZER_NONNULL = YES;
				CLANG_ANALYZER_NUMBER_OBJECT_CONVERSION = YES_AGGRESSIVE;
				CLANG_CXX_LANGUAGE_STANDARD = "gnu++14";
				CLANG_CXX_LIBRARY = "libc++";
				CLANG_ENABLE_MODULES = YES;
				CLANG_ENABLE_OBJC_ARC = NO;
				CLANG_ENABLE_OBJC_WEAK = YES;
				CLANG_WARN_BLOCK_CAPTURE_AUTORELEASING = YES;
				CLANG_WARN_BOOL_CONVERSION = YES;
				CLANG_WARN_COMMA = YES;
				CLANG_WARN_CONSTANT_CONVERSION = YES;
				CLANG_WARN_DEPRECATED_OBJC_IMPLEMENTATIONS = YES;
				CLANG_WARN_DIRECT_OBJC_ISA_USAGE = YES_ERROR;
				CLANG_WARN_DOCUMENTATION_COMMENTS = YES;
				CLANG_WARN_EMPTY_BODY = YES;
				CLANG_WARN_ENUM_CONVERSION = YES;
				CLANG_WARN_INFINITE_RECURSION = YES;
				CLANG_WARN_INT_CONVERSION = YES;
				CLANG_WARN_NON_LITERAL_NULL_CONVERSION = YES;
				CLANG_WARN_OBJC_IMPLICIT_RETAIN_SELF = YES;
				CLANG_WARN_OBJC_LITERAL_CONVERSION = YES;
				CLANG_WARN_OBJC_ROOT_CLASS = YES_ERROR;
				CLANG_WARN_RANGE_LOOP_ANALYSIS = YES;
				CLANG_WARN_STRICT_PROTOTYPES = YES;
				CLANG_WARN_SUSPICIOUS_MOVE = YES;
				CLANG_WARN_UNGUARDED_AVAILABILITY = YES_AGGRESSIVE;
				CLANG_WARN_UNREACHABLE_CODE = YES;
				CLANG_WARN__DUPLICATE_METHOD_MATCH = YES;
				CODE_SIGN_IDENTITY = "iPhone Developer";
				COPY_PHASE_STRIP = NO;
				DEBUG_INFORMATION_FORMAT = dwarf;
				ENABLE_STRICT_OBJC_MSGSEND = YES;
				ENABLE_TESTABILITY = YES;
				GCC_C_LANGUAGE_STANDARD = gnu11;
				GCC_DYNAMIC_NO_PIC = NO;
				GCC_NO_COMMON_BLOCKS = YES;
				GCC_OPTIMIZATION_LEVEL = 0;
				GCC_PREPROCESSOR_DEFINITIONS = (
					"DEBUG=1",
					"$(inherited)",
				);
				GCC_WARN_64_TO_32_BIT_CONVERSION = YES;
				GCC_WARN_ABOUT_RETURN_TYPE = YES_ERROR;
				GCC_WARN_UNDECLARED_SELECTOR = YES;
				GCC_WARN_UNINITIALIZED_AUTOS = YES_AGGRESSIVE;
				GCC_WARN_UNUSED_FUNCTION = YES;
				GCC_WARN_UNUSED_VARIABLE = YES;
				IPHONEOS_DEPLOYMENT_TARGET = 11.3;
				MTL_ENABLE_DEBUG_INFO = YES;
				ONLY_ACTIVE_ARCH = YES;
				SDKROOT = iphoneos;
			};
			name = Debug;
		};
		EF71D260208C7B3D006DD04C /* Release */ = {
			isa = XCBuildConfiguration;
			buildSettings = {
				ALWAYS_SEARCH_USER_PATHS = NO;
				CLANG_ANALYZER_NONNULL = YES;
				CLANG_ANALYZER_NUMBER_OBJECT_CONVERSION = YES_AGGRESSIVE;
				CLANG_CXX_LANGUAGE_STANDARD = "gnu++14";
				CLANG_CXX_LIBRARY = "libc++";
				CLANG_ENABLE_MODULES = YES;
				CLANG_ENABLE_OBJC_ARC = NO;
				CLANG_ENABLE_OBJC_WEAK = YES;
				CLANG_WARN_BLOCK_CAPTURE_AUTORELEASING = YES;
				CLANG_WARN_BOOL_CONVERSION = YES;
				CLANG_WARN_COMMA = YES;
				CLANG_WARN_CONSTANT_CONVERSION = YES;
				CLANG_WARN_DEPRECATED_OBJC_IMPLEMENTATIONS = YES;
				CLANG_WARN_DIRECT_OBJC_ISA_USAGE = YES_ERROR;
				CLANG_WARN_DOCUMENTATION_COMMENTS = YES;
				CLANG_WARN_EMPTY_BODY = YES;
				CLANG_WARN_ENUM_CONVERSION = YES;
				CLANG_WARN_INFINITE_RECURSION = YES;
				CLANG_WARN_INT_CONVERSION = YES;
				CLANG_WARN_NON_LITERAL_NULL_CONVERSION = YES;
				CLANG_WARN_OBJC_IMPLICIT_RETAIN_SELF = YES;
				CLANG_WARN_OBJC_LITERAL_CONVERSION = YES;
				CLANG_WARN_OBJC_ROOT_CLASS = YES_ERROR;
				CLANG_WARN_RANGE_LOOP_ANALYSIS = YES;
				CLANG_WARN_STRICT_PROTOTYPES = YES;
				CLANG_WARN_SUSPICIOUS_MOVE = YES;
				CLANG_WARN_UNGUARDED_AVAILABILITY = YES_AGGRESSIVE;
				CLANG_WARN_UNREACHABLE_CODE = YES;
				CLANG_WARN__DUPLICATE_METHOD_MATCH = YES;
				CODE_SIGN_IDENTITY = "iPhone Developer";
				COPY_PHASE_STRIP = NO;
				DEBUG_INFORMATION_FORMAT = "dwarf-with-dsym";
				ENABLE_NS_ASSERTIONS = NO;
				ENABLE_STRICT_OBJC_MSGSEND = YES;
				GCC_C_LANGUAGE_STANDARD = gnu11;
				GCC_NO_COMMON_BLOCKS = YES;
				GCC_WARN_64_TO_32_BIT_CONVERSION = YES;
				GCC_WARN_ABOUT_RETURN_TYPE = YES_ERROR;
				GCC_WARN_UNDECLARED_SELECTOR = YES;
				GCC_WARN_UNINITIALIZED_AUTOS = YES_AGGRESSIVE;
				GCC_WARN_UNUSED_FUNCTION = YES;
				GCC_WARN_UNUSED_VARIABLE = YES;
				IPHONEOS_DEPLOYMENT_TARGET = 11.3;
				MTL_ENABLE_DEBUG_INFO = NO;
				SDKROOT = iphoneos;
				VALIDATE_PRODUCT = YES;
			};
			name = Release;
		};
		EF71D262208C7B3D006DD04C /* Debug */ = {
			isa = XCBuildConfiguration;
			buildSettings = {
				ASSETCATALOG_COMPILER_APPICON_NAME = AppIcon;
				CODE_SIGN_STYLE = Automatic;
				DEVELOPMENT_TEAM = 5M3HNT6J9D;
				INFOPLIST_FILE = "Line-Calculator/Info.plist";
				LD_RUNPATH_SEARCH_PATHS = (
					"$(inherited)",
					"@executable_path/Frameworks",
				);
				PRODUCT_BUNDLE_IDENTIFIER = "vicmac.Line-Calculator";
				PRODUCT_NAME = "$(TARGET_NAME)";
				TARGETED_DEVICE_FAMILY = "1,2";
			};
			name = Debug;
		};
		EF71D263208C7B3D006DD04C /* Release */ = {
			isa = XCBuildConfiguration;
			buildSettings = {
				ASSETCATALOG_COMPILER_APPICON_NAME = AppIcon;
				CODE_SIGN_STYLE = Automatic;
				DEVELOPMENT_TEAM = 5M3HNT6J9D;
				INFOPLIST_FILE = "Line-Calculator/Info.plist";
				LD_RUNPATH_SEARCH_PATHS = (
					"$(inherited)",
					"@executable_path/Frameworks",
				);
				PRODUCT_BUNDLE_IDENTIFIER = "vicmac.Line-Calculator";
				PRODUCT_NAME = "$(TARGET_NAME)";
				TARGETED_DEVICE_FAMILY = "1,2";
			};
			name = Release;
		};
/* End XCBuildConfiguration section */

/* Begin XCConfigurationList section */
		EF71D246208C7B3A006DD04C /* Build configuration list for PBXProject "Line-Calculator" */ = {
			isa = XCConfigurationList;
			buildConfigurations = (
				EF71D25F208C7B3D006DD04C /* Debug */,
				EF71D260208C7B3D006DD04C /* Release */,
			);
			defaultConfigurationIsVisible = 0;
			defaultConfigurationName = Release;
		};
		EF71D261208C7B3D006DD04C /* Build configuration list for PBXNativeTarget "Line-Calculator" */ = {
			isa = XCConfigurationList;
			buildConfigurations = (
				EF71D262208C7B3D006DD04C /* Debug */,
				EF71D263208C7B3D006DD04C /* Release */,
			);
			defaultConfigurationIsVisible = 0;
			defaultConfigurationName = Release;
		};
/* End XCConfigurationList section */
	};
	rootObject = EF71D243208C7B3A006DD04C /* Project object */;
}
